
Microsoft Visual Studio Solution File, Format Version 12.00
# Visual Studio Version 17
VisualStudioVersion = 17.2.32616.157
MinimumVisualStudioVersion = 10.0.40219.1
Project("{FAE04EC0-301F-11D3-BF4B-00C04F79EFBC}") = "DetectPangram", "DetectPangram\DetectPangram.csproj", "{9A267B72-E8A1-4034-ABC2-B1AA83585B9B}"
EndProject
Global
	GlobalSection(SolutionConfigurationPlatforms) = preSolution
		Debug|Any CPU = Debug|Any CPU
		Release|Any CPU = Release|Any CPU
	EndGlobalSection
	GlobalSection(ProjectConfigurationPlatforms) = postSolution
		{9A267B72-E8A1-4034-ABC2-B1AA83585B9B}.Debug|Any CPU.ActiveCfg = Debug|Any CPU
		{9A267B72-E8A1-4034-ABC2-B1AA83585B9B}.Debug|Any CPU.Build.0 = Debug|Any CPU
		{9A267B72-E8A1-4034-ABC2-B1AA83585B9B}.Release|Any CPU.ActiveCfg = Release|Any CPU
		{9A267B72-E8A1-4034-ABC2-B1AA83585B9B}.Release|Any CPU.Build.0 = Release|Any CPU
	EndGlobalSection
	GlobalSection(SolutionProperties) = preSolution
		HideSolutionNode = FALSE
	EndGlobalSection
	GlobalSection(ExtensibilityGlobals) = postSolution
		SolutionGuid = {21B62B91-DDD9-4E40-8CBB-74A8EB022F61}
	EndGlobalSection
EndGlobal
